lockfileVersion: '9.0'

settings:
  autoInstallPeers: true
  excludeLinksFromLockfile: false

importers:

  .:
    dependencies:
      '@kong/design-tokens':
        specifier: ^1.17.3
        version: 1.17.3
      '@kong/icons':
        specifier: ^1.33.2
        version: 1.33.2(vue@3.5.18(typescript@5.8.3))
      '@kong/kongponents':
        specifier: ^9.36.6
        version: 9.36.6(vue-router@4.5.0(vue@3.5.18(typescript@5.8.3)))(vue@3.5.18(typescript@5.8.3))
      lodash:
        specifier: ^4.17.21
        version: 4.17.21
      vue:
        specifier: ^3.5.18
        version: 3.5.18(typescript@5.8.3)
    devDependencies:
      '@types/lodash':
        specifier: ^4.17.16
        version: 4.17.16
      '@vitejs/plugin-vue':
        specifier: ^6.0.0
        version: 6.0.0(vite@7.0.6(@types/node@22.13.9)(sass@1.85.1))(vue@3.5.18(typescript@5.8.3))
      sass:
        specifier: ^1.69.5
        version: 1.85.1
      typescript:
        specifier: ^5.8.3
        version: 5.8.3
      vite:
        specifier: ^7.0.6
        version: 7.0.6(@types/node@22.13.9)(sass@1.85.1)
      vue-tsc:
        specifier: ^3.0.4
        version: 3.0.4(typescript@5.8.3)

packages:

  '@babel/helper-string-parser@7.25.9':
    resolution: {integrity: sha512-4A/SCr/2KLd5jrtOMFzaKjVtAei3+2r/NChoBNoZ3EyP/+GlhoaEGoWOZUmFmoITP7zOJyHIMm+DYRd8o3PvHA==}
    engines: {node: '>=6.9.0'}

  '@babel/helper-string-parser@7.27.1':
    resolution: {integrity: sha512-qMlSxKbpRlAridDExk92nSobyDdpPijUq2DW6oDnUqd0iOGxmQjyqhMIihI9+zv4LPyZdRje2cavWPbCbWm3eA==}
    engines: {node: '>=6.9.0'}

  '@babel/helper-validator-identifier@7.25.9':
    resolution: {integrity: sha512-Ed61U6XJc3CVRfkERJWDz4dJwKe7iLmmJsbOGu9wSloNSFttHV0I8g6UAgb7qnK5ly5bGLPd4oXZlxCdANBOWQ==}
    engines: {node: '>=6.9.0'}

  '@babel/helper-validator-identifier@7.27.1':
    resolution: {integrity: sha512-D2hP9eA+Sqx1kBZgzxZh0y1trbuU+JoDkiEwqhQ36nodYqJwyEIhPSdMNd7lOm/4io72luTPWH20Yda0xOuUow==}
    engines: {node: '>=6.9.0'}

  '@babel/parser@7.26.9':
    resolution: {integrity: sha512-81NWa1njQblgZbQHxWHpxxCzNsa3ZwvFqpUg7P+NNUU6f3UU2jBEg4OlF/J6rl8+PQGh1q6/zWScd001YwcA5A==}
    engines: {node: '>=6.0.0'}
    hasBin: true

  '@babel/parser@7.28.0':
    resolution: {integrity: sha512-jVZGvOxOuNSsuQuLRTh13nU0AogFlw32w/MT+LV6D3sP5WdbW61E77RnkbaO2dUvmPAYrBDJXGn5gGS6tH4j8g==}
    engines: {node: '>=6.0.0'}
    hasBin: true

  '@babel/runtime@7.26.9':
    resolution: {integrity: sha512-aA63XwOkcl4xxQa3HjPMqOP6LiK0ZDv3mUPYEFXkpHbaFjtGggE1A61FjFzJnB+p7/oy2gA8E+rcBNl/zC1tMg==}
    engines: {node: '>=6.9.0'}

  '@babel/types@7.26.9':
    resolution: {integrity: sha512-Y3IR1cRnOxOCDvMmNiym7XpXQ93iGDDPHx+Zj+NM+rg0fBaShfQLkg+hKPaZCEvg5N/LeCo4+Rj/i3FuJsIQaw==}
    engines: {node: '>=6.9.0'}

  '@babel/types@7.28.2':
    resolution: {integrity: sha512-ruv7Ae4J5dUYULmeXw1gmb7rYRz57OWCPM57pHojnLq/3Z1CK2lNSLTCVjxVk1F/TZHwOZZrOWi0ur95BbLxNQ==}
    engines: {node: '>=6.9.0'}

  '@esbuild/aix-ppc64@0.25.0':
    resolution: {integrity: sha512-O7vun9Sf8DFjH2UtqK8Ku3LkquL9SZL8OLY1T5NZkA34+wG3OQF7cl4Ql8vdNzM6fzBbYfLaiRLIOZ+2FOCgBQ==}
    engines: {node: '>=18'}
    cpu: [ppc64]
    os: [aix]

  '@esbuild/android-arm64@0.25.0':
    resolution: {integrity: sha512-grvv8WncGjDSyUBjN9yHXNt+cq0snxXbDxy5pJtzMKGmmpPxeAmAhWxXI+01lU5rwZomDgD3kJwulEnhTRUd6g==}
    engines: {node: '>=18'}
    cpu: [arm64]
    os: [android]

  '@esbuild/android-arm@0.25.0':
    resolution: {integrity: sha512-PTyWCYYiU0+1eJKmw21lWtC+d08JDZPQ5g+kFyxP0V+es6VPPSUhM6zk8iImp2jbV6GwjX4pap0JFbUQN65X1g==}
    engines: {node: '>=18'}
    cpu: [arm]
    os: [android]

  '@esbuild/android-x64@0.25.0':
    resolution: {integrity: sha512-m/ix7SfKG5buCnxasr52+LI78SQ+wgdENi9CqyCXwjVR2X4Jkz+BpC3le3AoBPYTC9NHklwngVXvbJ9/Akhrfg==}
    engines: {node: '>=18'}
    cpu: [x64]
    os: [android]

  '@esbuild/darwin-arm64@0.25.0':
    resolution: {integrity: sha512-mVwdUb5SRkPayVadIOI78K7aAnPamoeFR2bT5nszFUZ9P8UpK4ratOdYbZZXYSqPKMHfS1wdHCJk1P1EZpRdvw==}
    engines: {node: '>=18'}
    cpu: [arm64]
    os: [darwin]

  '@esbuild/darwin-x64@0.25.0':
    resolution: {integrity: sha512-DgDaYsPWFTS4S3nWpFcMn/33ZZwAAeAFKNHNa1QN0rI4pUjgqf0f7ONmXf6d22tqTY+H9FNdgeaAa+YIFUn2Rg==}
    engines: {node: '>=18'}
    cpu: [x64]
    os: [darwin]

  '@esbuild/freebsd-arm64@0.25.0':
    resolution: {integrity: sha512-VN4ocxy6dxefN1MepBx/iD1dH5K8qNtNe227I0mnTRjry8tj5MRk4zprLEdG8WPyAPb93/e4pSgi1SoHdgOa4w==}
    engines: {node: '>=18'}
    cpu: [arm64]
    os: [freebsd]

  '@esbuild/freebsd-x64@0.25.0':
    resolution: {integrity: sha512-mrSgt7lCh07FY+hDD1TxiTyIHyttn6vnjesnPoVDNmDfOmggTLXRv8Id5fNZey1gl/V2dyVK1VXXqVsQIiAk+A==}
    engines: {node: '>=18'}
    cpu: [x64]
    os: [freebsd]

  '@esbuild/linux-arm64@0.25.0':
    resolution: {integrity: sha512-9QAQjTWNDM/Vk2bgBl17yWuZxZNQIF0OUUuPZRKoDtqF2k4EtYbpyiG5/Dk7nqeK6kIJWPYldkOcBqjXjrUlmg==}
    engines: {node: '>=18'}
    cpu: [arm64]
    os: [linux]

  '@esbuild/linux-arm@0.25.0':
    resolution: {integrity: sha512-vkB3IYj2IDo3g9xX7HqhPYxVkNQe8qTK55fraQyTzTX/fxaDtXiEnavv9geOsonh2Fd2RMB+i5cbhu2zMNWJwg==}
    engines: {node: '>=18'}
    cpu: [arm]
    os: [linux]

  '@esbuild/linux-ia32@0.25.0':
    resolution: {integrity: sha512-43ET5bHbphBegyeqLb7I1eYn2P/JYGNmzzdidq/w0T8E2SsYL1U6un2NFROFRg1JZLTzdCoRomg8Rvf9M6W6Gg==}
    engines: {node: '>=18'}
    cpu: [ia32]
    os: [linux]

  '@esbuild/linux-loong64@0.25.0':
    resolution: {integrity: sha512-fC95c/xyNFueMhClxJmeRIj2yrSMdDfmqJnyOY4ZqsALkDrrKJfIg5NTMSzVBr5YW1jf+l7/cndBfP3MSDpoHw==}
    engines: {node: '>=18'}
    cpu: [loong64]
    os: [linux]

  '@esbuild/linux-mips64el@0.25.0':
    resolution: {integrity: sha512-nkAMFju7KDW73T1DdH7glcyIptm95a7Le8irTQNO/qtkoyypZAnjchQgooFUDQhNAy4iu08N79W4T4pMBwhPwQ==}
    engines: {node: '>=18'}
    cpu: [mips64el]
    os: [linux]

  '@esbuild/linux-ppc64@0.25.0':
    resolution: {integrity: sha512-NhyOejdhRGS8Iwv+KKR2zTq2PpysF9XqY+Zk77vQHqNbo/PwZCzB5/h7VGuREZm1fixhs4Q/qWRSi5zmAiO4Fw==}
    engines: {node: '>=18'}
    cpu: [ppc64]
    os: [linux]

  '@esbuild/linux-riscv64@0.25.0':
    resolution: {integrity: sha512-5S/rbP5OY+GHLC5qXp1y/Mx//e92L1YDqkiBbO9TQOvuFXM+iDqUNG5XopAnXoRH3FjIUDkeGcY1cgNvnXp/kA==}
    engines: {node: '>=18'}
    cpu: [riscv64]
    os: [linux]

  '@esbuild/linux-s390x@0.25.0':
    resolution: {integrity: sha512-XM2BFsEBz0Fw37V0zU4CXfcfuACMrppsMFKdYY2WuTS3yi8O1nFOhil/xhKTmE1nPmVyvQJjJivgDT+xh8pXJA==}
    engines: {node: '>=18'}
    cpu: [s390x]
    os: [linux]

  '@esbuild/linux-x64@0.25.0':
    resolution: {integrity: sha512-9yl91rHw/cpwMCNytUDxwj2XjFpxML0y9HAOH9pNVQDpQrBxHy01Dx+vaMu0N1CKa/RzBD2hB4u//nfc+Sd3Cw==}
    engines: {node: '>=18'}
    cpu: [x64]
    os: [linux]

  '@esbuild/netbsd-arm64@0.25.0':
    resolution: {integrity: sha512-RuG4PSMPFfrkH6UwCAqBzauBWTygTvb1nxWasEJooGSJ/NwRw7b2HOwyRTQIU97Hq37l3npXoZGYMy3b3xYvPw==}
    engines: {node: '>=18'}
    cpu: [arm64]
    os: [netbsd]

  '@esbuild/netbsd-x64@0.25.0':
    resolution: {integrity: sha512-jl+qisSB5jk01N5f7sPCsBENCOlPiS/xptD5yxOx2oqQfyourJwIKLRA2yqWdifj3owQZCL2sn6o08dBzZGQzA==}
    engines: {node: '>=18'}
    cpu: [x64]
    os: [netbsd]

  '@esbuild/openbsd-arm64@0.25.0':
    resolution: {integrity: sha512-21sUNbq2r84YE+SJDfaQRvdgznTD8Xc0oc3p3iW/a1EVWeNj/SdUCbm5U0itZPQYRuRTW20fPMWMpcrciH2EJw==}
    engines: {node: '>=18'}
    cpu: [arm64]
    os: [openbsd]

  '@esbuild/openbsd-x64@0.25.0':
    resolution: {integrity: sha512-2gwwriSMPcCFRlPlKx3zLQhfN/2WjJ2NSlg5TKLQOJdV0mSxIcYNTMhk3H3ulL/cak+Xj0lY1Ym9ysDV1igceg==}
    engines: {node: '>=18'}
    cpu: [x64]
    os: [openbsd]

  '@esbuild/sunos-x64@0.25.0':
    resolution: {integrity: sha512-bxI7ThgLzPrPz484/S9jLlvUAHYMzy6I0XiU1ZMeAEOBcS0VePBFxh1JjTQt3Xiat5b6Oh4x7UC7IwKQKIJRIg==}
    engines: {node: '>=18'}
    cpu: [x64]
    os: [sunos]

  '@esbuild/win32-arm64@0.25.0':
    resolution: {integrity: sha512-ZUAc2YK6JW89xTbXvftxdnYy3m4iHIkDtK3CLce8wg8M2L+YZhIvO1DKpxrd0Yr59AeNNkTiic9YLf6FTtXWMw==}
    engines: {node: '>=18'}
    cpu: [arm64]
    os: [win32]

  '@esbuild/win32-ia32@0.25.0':
    resolution: {integrity: sha512-eSNxISBu8XweVEWG31/JzjkIGbGIJN/TrRoiSVZwZ6pkC6VX4Im/WV2cz559/TXLcYbcrDN8JtKgd9DJVIo8GA==}
    engines: {node: '>=18'}
    cpu: [ia32]
    os: [win32]

  '@esbuild/win32-x64@0.25.0':
    resolution: {integrity: sha512-ZENoHJBxA20C2zFzh6AI4fT6RraMzjYw4xKWemRTRmRVtN9c5DcH9r/f2ihEkMjOW5eGgrwCslG/+Y/3bL+DHQ==}
    engines: {node: '>=18'}
    cpu: [x64]
    os: [win32]

  '@floating-ui/core@1.7.2':
    resolution: {integrity: sha512-wNB5ooIKHQc+Kui96jE/n69rHFWAVoxn5CAzL1Xdd8FG03cgY3MLO+GF9U3W737fYDSgPWA6MReKhBQBop6Pcw==}

  '@floating-ui/dom@1.7.2':
    resolution: {integrity: sha512-7cfaOQuCS27HD7DX+6ib2OrnW+b4ZBwDNnCcT0uTyidcmyWb03FnQqJybDBoCnpdxwBSfA94UAYlRCt7mV+TbA==}

  '@floating-ui/utils@0.2.10':
    resolution: {integrity: sha512-aGTxbpbg8/b5JfU1HXSrbH3wXZuLPJcNEcZQFMxLs3oSzgtVu6nFPkbbGGUvBcUjKV2YyB9Wxxabo+HEH9tcRQ==}

  '@floating-ui/vue@1.1.7':
    resolution: {integrity: sha512-idmAtbAIigGXN2SI5gItiXYBYtNfDTP9yIiObxgu13dgtG7ARCHlNfnR29GxP4LI4o13oiwsJ8wVgghj1lNqcw==}

  '@jridgewell/sourcemap-codec@1.5.0':
    resolution: {integrity: sha512-gv3ZRaISU3fjPAgNsriBRqGWQL6quFx04YMPW/zD8XMLsU32mhCCbfbO6KZFLjvYpCZ8zyDEgqsgf+PwPaM7GQ==}

  '@kong/design-tokens@1.17.3':
    resolution: {integrity: sha512-se5r7q4Oam6mTQNRAIpZIuY4MGzIBRutGMVmjBe26UpXuQb/KwzkTZjhwDbBmavfKgU+HXHJka51cuH9D67oFw==}
    engines: {node: '>=20.18.2', pnpm: '>=9.15.2'}

  '@kong/icons@1.33.2':
    resolution: {integrity: sha512-t9cPc2ba3aLHZRnFUj4HJ8GrLbkEJbb2ijDwcVh8VxR3Hl1z9wHJB1XLTfv5wt//hG9TBUxiCjJITbrgnl3jEA==}
    engines: {node: '>=18.17.0', pnpm: '>=9.14.4 || >=10.1.0'}
    peerDependencies:
      vue: '>= 3.3.4 < 4'

  '@kong/kongponents@9.36.6':
    resolution: {integrity: sha512-RH3tOEu4eetEe5qk/axRclD5R0lMqn7ZntsBE9ItBpw0zyJBU0WGEkoDgv0DYvnJHex6cMIeiunnX7LIRgbAIQ==}
    engines: {node: '>=v16.20.2 || >=18.12.1 || >=20.14.0 || >=22.14.0', pnpm: '>=9.11.0 || >=10.10.0'}
    peerDependencies:
      vue: '>= 3.5.0 < 4'
      vue-router: ^4.4.5

  '@parcel/watcher-android-arm64@2.5.1':
    resolution: {integrity: sha512-KF8+j9nNbUN8vzOFDpRMsaKBHZ/mcjEjMToVMJOhTozkDonQFFrRcfdLWn6yWKCmJKmdVxSgHiYvTCef4/qcBA==}
    engines: {node: '>= 10.0.0'}
    cpu: [arm64]
    os: [android]

  '@parcel/watcher-darwin-arm64@2.5.1':
    resolution: {integrity: sha512-eAzPv5osDmZyBhou8PoF4i6RQXAfeKL9tjb3QzYuccXFMQU0ruIc/POh30ePnaOyD1UXdlKguHBmsTs53tVoPw==}
    engines: {node: '>= 10.0.0'}
    cpu: [arm64]
    os: [darwin]

  '@parcel/watcher-darwin-x64@2.5.1':
    resolution: {integrity: sha512-1ZXDthrnNmwv10A0/3AJNZ9JGlzrF82i3gNQcWOzd7nJ8aj+ILyW1MTxVk35Db0u91oD5Nlk9MBiujMlwmeXZg==}
    engines: {node: '>= 10.0.0'}
    cpu: [x64]
    os: [darwin]

  '@parcel/watcher-freebsd-x64@2.5.1':
    resolution: {integrity: sha512-SI4eljM7Flp9yPuKi8W0ird8TI/JK6CSxju3NojVI6BjHsTyK7zxA9urjVjEKJ5MBYC+bLmMcbAWlZ+rFkLpJQ==}
    engines: {node: '>= 10.0.0'}
    cpu: [x64]
    os: [freebsd]

  '@parcel/watcher-linux-arm-glibc@2.5.1':
    resolution: {integrity: sha512-RCdZlEyTs8geyBkkcnPWvtXLY44BCeZKmGYRtSgtwwnHR4dxfHRG3gR99XdMEdQ7KeiDdasJwwvNSF5jKtDwdA==}
    engines: {node: '>= 10.0.0'}
    cpu: [arm]
    os: [linux]

  '@parcel/watcher-linux-arm-musl@2.5.1':
    resolution: {integrity: sha512-6E+m/Mm1t1yhB8X412stiKFG3XykmgdIOqhjWj+VL8oHkKABfu/gjFj8DvLrYVHSBNC+/u5PeNrujiSQ1zwd1Q==}
    engines: {node: '>= 10.0.0'}
    cpu: [arm]
    os: [linux]

  '@parcel/watcher-linux-arm64-glibc@2.5.1':
    resolution: {integrity: sha512-LrGp+f02yU3BN9A+DGuY3v3bmnFUggAITBGriZHUREfNEzZh/GO06FF5u2kx8x+GBEUYfyTGamol4j3m9ANe8w==}
    engines: {node: '>= 10.0.0'}
    cpu: [arm64]
    os: [linux]

  '@parcel/watcher-linux-arm64-musl@2.5.1':
    resolution: {integrity: sha512-cFOjABi92pMYRXS7AcQv9/M1YuKRw8SZniCDw0ssQb/noPkRzA+HBDkwmyOJYp5wXcsTrhxO0zq1U11cK9jsFg==}
    engines: {node: '>= 10.0.0'}
    cpu: [arm64]
    os: [linux]

  '@parcel/watcher-linux-x64-glibc@2.5.1':
    resolution: {integrity: sha512-GcESn8NZySmfwlTsIur+49yDqSny2IhPeZfXunQi48DMugKeZ7uy1FX83pO0X22sHntJ4Ub+9k34XQCX+oHt2A==}
    engines: {node: '>= 10.0.0'}
    cpu: [x64]
    os: [linux]

  '@parcel/watcher-linux-x64-musl@2.5.1':
    resolution: {integrity: sha512-n0E2EQbatQ3bXhcH2D1XIAANAcTZkQICBPVaxMeaCVBtOpBZpWJuf7LwyWPSBDITb7In8mqQgJ7gH8CILCURXg==}
    engines: {node: '>= 10.0.0'}
    cpu: [x64]
    os: [linux]

  '@parcel/watcher-win32-arm64@2.5.1':
    resolution: {integrity: sha512-RFzklRvmc3PkjKjry3hLF9wD7ppR4AKcWNzH7kXR7GUe0Igb3Nz8fyPwtZCSquGrhU5HhUNDr/mKBqj7tqA2Vw==}
    engines: {node: '>= 10.0.0'}
    cpu: [arm64]
    os: [win32]

  '@parcel/watcher-win32-ia32@2.5.1':
    resolution: {integrity: sha512-c2KkcVN+NJmuA7CGlaGD1qJh1cLfDnQsHjE89E60vUEMlqduHGCdCLJCID5geFVM0dOtA3ZiIO8BoEQmzQVfpQ==}
    engines: {node: '>= 10.0.0'}
    cpu: [ia32]
    os: [win32]

  '@parcel/watcher-win32-x64@2.5.1':
    resolution: {integrity: sha512-9lHBdJITeNR++EvSQVUcaZoWupyHfXe1jZvGZ06O/5MflPcuPLtEphScIBL+AiCWBO46tDSHzWyD0uDmmZqsgA==}
    engines: {node: '>= 10.0.0'}
    cpu: [x64]
    os: [win32]

  '@parcel/watcher@2.5.1':
    resolution: {integrity: sha512-dfUnCxiN9H4ap84DvD2ubjw+3vUNpstxa0TneY/Paat8a3R4uQZDLSvWjmznAY/DoahqTHl9V46HF/Zs3F29pg==}
    engines: {node: '>= 10.0.0'}

  '@popperjs/core@2.11.8':
    resolution: {integrity: sha512-P1st0aksCrn9sGZhp8GMYwBnQsbvAWsZAX44oXNNvLHGqAOcoVxmjZiohstwQ7SqKnbR47akdNi+uleWD8+g6A==}

  '@rolldown/pluginutils@1.0.0-beta.19':
    resolution: {integrity: sha512-3FL3mnMbPu0muGOCaKAhhFEYmqv9eTfPSJRJmANrCwtgK8VuxpsZDGK+m0LYAGoyO8+0j5uRe4PeyPDK1yA/hA==}

  '@rollup/rollup-android-arm-eabi@4.45.1':
    resolution: {integrity: sha512-NEySIFvMY0ZQO+utJkgoMiCAjMrGvnbDLHvcmlA33UXJpYBCvlBEbMMtV837uCkS+plG2umfhn0T5mMAxGrlRA==}
    cpu: [arm]
    os: [android]

  '@rollup/rollup-android-arm64@4.45.1':
    resolution: {integrity: sha512-ujQ+sMXJkg4LRJaYreaVx7Z/VMgBBd89wGS4qMrdtfUFZ+TSY5Rs9asgjitLwzeIbhwdEhyj29zhst3L1lKsRQ==}
    cpu: [arm64]
    os: [android]

  '@rollup/rollup-darwin-arm64@4.45.1':
    resolution: {integrity: sha512-FSncqHvqTm3lC6Y13xncsdOYfxGSLnP+73k815EfNmpewPs+EyM49haPS105Rh4aF5mJKywk9X0ogzLXZzN9lA==}
    cpu: [arm64]
    os: [darwin]

  '@rollup/rollup-darwin-x64@4.45.1':
    resolution: {integrity: sha512-2/vVn/husP5XI7Fsf/RlhDaQJ7x9zjvC81anIVbr4b/f0xtSmXQTFcGIQ/B1cXIYM6h2nAhJkdMHTnD7OtQ9Og==}
    cpu: [x64]
    os: [darwin]

  '@rollup/rollup-freebsd-arm64@4.45.1':
    resolution: {integrity: sha512-4g1kaDxQItZsrkVTdYQ0bxu4ZIQ32cotoQbmsAnW1jAE4XCMbcBPDirX5fyUzdhVCKgPcrwWuucI8yrVRBw2+g==}
    cpu: [arm64]
    os: [freebsd]

  '@rollup/rollup-freebsd-x64@4.45.1':
    resolution: {integrity: sha512-L/6JsfiL74i3uK1Ti2ZFSNsp5NMiM4/kbbGEcOCps99aZx3g8SJMO1/9Y0n/qKlWZfn6sScf98lEOUe2mBvW9A==}
    cpu: [x64]
    os: [freebsd]

  '@rollup/rollup-linux-arm-gnueabihf@4.45.1':
    resolution: {integrity: sha512-RkdOTu2jK7brlu+ZwjMIZfdV2sSYHK2qR08FUWcIoqJC2eywHbXr0L8T/pONFwkGukQqERDheaGTeedG+rra6Q==}
    cpu: [arm]
    os: [linux]

  '@rollup/rollup-linux-arm-musleabihf@4.45.1':
    resolution: {integrity: sha512-3kJ8pgfBt6CIIr1o+HQA7OZ9mp/zDk3ctekGl9qn/pRBgrRgfwiffaUmqioUGN9hv0OHv2gxmvdKOkARCtRb8Q==}
    cpu: [arm]
    os: [linux]

  '@rollup/rollup-linux-arm64-gnu@4.45.1':
    resolution: {integrity: sha512-k3dOKCfIVixWjG7OXTCOmDfJj3vbdhN0QYEqB+OuGArOChek22hn7Uy5A/gTDNAcCy5v2YcXRJ/Qcnm4/ma1xw==}
    cpu: [arm64]
    os: [linux]

  '@rollup/rollup-linux-arm64-musl@4.45.1':
    resolution: {integrity: sha512-PmI1vxQetnM58ZmDFl9/Uk2lpBBby6B6rF4muJc65uZbxCs0EA7hhKCk2PKlmZKuyVSHAyIw3+/SiuMLxKxWog==}
    cpu: [arm64]
    os: [linux]

  '@rollup/rollup-linux-loongarch64-gnu@4.45.1':
    resolution: {integrity: sha512-9UmI0VzGmNJ28ibHW2GpE2nF0PBQqsyiS4kcJ5vK+wuwGnV5RlqdczVocDSUfGX/Na7/XINRVoUgJyFIgipoRg==}
    cpu: [loong64]
    os: [linux]

  '@rollup/rollup-linux-powerpc64le-gnu@4.45.1':
    resolution: {integrity: sha512-7nR2KY8oEOUTD3pBAxIBBbZr0U7U+R9HDTPNy+5nVVHDXI4ikYniH1oxQz9VoB5PbBU1CZuDGHkLJkd3zLMWsg==}
    cpu: [ppc64]
    os: [linux]

  '@rollup/rollup-linux-riscv64-gnu@4.45.1':
    resolution: {integrity: sha512-nlcl3jgUultKROfZijKjRQLUu9Ma0PeNv/VFHkZiKbXTBQXhpytS8CIj5/NfBeECZtY2FJQubm6ltIxm/ftxpw==}
    cpu: [riscv64]
    os: [linux]

  '@rollup/rollup-linux-riscv64-musl@4.45.1':
    resolution: {integrity: sha512-HJV65KLS51rW0VY6rvZkiieiBnurSzpzore1bMKAhunQiECPuxsROvyeaot/tcK3A3aGnI+qTHqisrpSgQrpgA==}
    cpu: [riscv64]
    os: [linux]

  '@rollup/rollup-linux-s390x-gnu@4.45.1':
    resolution: {integrity: sha512-NITBOCv3Qqc6hhwFt7jLV78VEO/il4YcBzoMGGNxznLgRQf43VQDae0aAzKiBeEPIxnDrACiMgbqjuihx08OOw==}
    cpu: [s390x]
    os: [linux]

  '@rollup/rollup-linux-x64-gnu@4.45.1':
    resolution: {integrity: sha512-+E/lYl6qu1zqgPEnTrs4WysQtvc/Sh4fC2nByfFExqgYrqkKWp1tWIbe+ELhixnenSpBbLXNi6vbEEJ8M7fiHw==}
    cpu: [x64]
    os: [linux]

  '@rollup/rollup-linux-x64-musl@4.45.1':
    resolution: {integrity: sha512-a6WIAp89p3kpNoYStITT9RbTbTnqarU7D8N8F2CV+4Cl9fwCOZraLVuVFvlpsW0SbIiYtEnhCZBPLoNdRkjQFw==}
    cpu: [x64]
    os: [linux]

  '@rollup/rollup-win32-arm64-msvc@4.45.1':
    resolution: {integrity: sha512-T5Bi/NS3fQiJeYdGvRpTAP5P02kqSOpqiopwhj0uaXB6nzs5JVi2XMJb18JUSKhCOX8+UE1UKQufyD6Or48dJg==}
    cpu: [arm64]
    os: [win32]

  '@rollup/rollup-win32-ia32-msvc@4.45.1':
    resolution: {integrity: sha512-lxV2Pako3ujjuUe9jiU3/s7KSrDfH6IgTSQOnDWr9aJ92YsFd7EurmClK0ly/t8dzMkDtd04g60WX6yl0sGfdw==}
    cpu: [ia32]
    os: [win32]

  '@rollup/rollup-win32-x64-msvc@4.45.1':
    resolution: {integrity: sha512-M/fKi4sasCdM8i0aWJjCSFm2qEnYRR8AMLG2kxp6wD13+tMGA4Z1tVAuHkNRjud5SW2EM3naLuK35w9twvf6aA==}
    cpu: [x64]
    os: [win32]

  '@types/estree@1.0.8':
    resolution: {integrity: sha512-dWHzHa2WqEXI/O1E9OjrocMTKJl2mSrEolh1Iomrv6U+JuNwaHXsXx9bLu5gG7BUWFIN0skIQJQ/L1rIex4X6w==}

  '@types/lodash@4.17.16':
    resolution: {integrity: sha512-HX7Em5NYQAXKW+1T+FiuG27NGwzJfCX3s1GjOa7ujxZa52kjJLOr4FUxT+giF6Tgxv1e+/czV/iTtBw27WTU9g==}

  '@types/node@22.13.9':
    resolution: {integrity: sha512-acBjXdRJ3A6Pb3tqnw9HZmyR3Fiol3aGxRCK1x3d+6CDAMjl7I649wpSd+yNURCjbOUGu9tqtLKnTGxmK6CyGw==}

  '@types/resize-observer-browser@0.1.11':
    resolution: {integrity: sha512-cNw5iH8JkMkb3QkCoe7DaZiawbDQEUX8t7iuQaRTyLOyQCR2h+ibBD4GJt7p5yhUHrlOeL7ZtbxNHeipqNsBzQ==}

  '@vitejs/plugin-vue@6.0.0':
    resolution: {integrity: sha512-iAliE72WsdhjzTOp2DtvKThq1VBC4REhwRcaA+zPAAph6I+OQhUXv+Xu2KS7ElxYtb7Zc/3R30Hwv1DxEo7NXQ==}
    engines: {node: ^20.19.0 || >=22.12.0}
    peerDependencies:
      vite: ^5.0.0 || ^6.0.0 || ^7.0.0
      vue: ^3.2.25

  '@volar/language-core@2.4.20':
    resolution: {integrity: sha512-dRDF1G33xaAIDqR6+mXUIjXYdu9vzSxlMGfMEwBxQsfY/JMUEXSpLTR057oTKlUQ2nIvCmP9k94A8h8z2VrNSA==}

  '@volar/source-map@2.4.20':
    resolution: {integrity: sha512-mVjmFQH8mC+nUaVwmbxoYUy8cww+abaO8dWzqPUjilsavjxH0jCJ3Mp8HFuHsdewZs2c+SP+EO7hCd8Z92whJg==}

  '@volar/typescript@2.4.20':
    resolution: {integrity: sha512-Oc4DczPwQyXcVbd+5RsNEqX6ia0+w3p+klwdZQ6ZKhFjWoBP9PCPQYlKYRi/tDemWphW93P/Vv13vcE9I9D2GQ==}

  '@vue/compiler-core@3.5.13':
    resolution: {integrity: sha512-oOdAkwqUfW1WqpwSYJce06wvt6HljgY3fGeM9NcVA1HaYOij3mZG9Rkysn0OHuyUAGMbEbARIpsG+LPVlBJ5/Q==}

  '@vue/compiler-core@3.5.18':
    resolution: {integrity: sha512-3slwjQrrV1TO8MoXgy3aynDQ7lslj5UqDxuHnrzHtpON5CBinhWjJETciPngpin/T3OuW3tXUf86tEurusnztw==}

  '@vue/compiler-dom@3.5.13':
    resolution: {integrity: sha512-ZOJ46sMOKUjO3e94wPdCzQ6P1Lx/vhp2RSvfaab88Ajexs0AHeV0uasYhi99WPaogmBlRHNRuly8xV75cNTMDA==}

  '@vue/compiler-dom@3.5.18':
    resolution: {integrity: sha512-RMbU6NTU70++B1JyVJbNbeFkK+A+Q7y9XKE2EM4NLGm2WFR8x9MbAtWxPPLdm0wUkuZv9trpwfSlL6tjdIa1+A==}

  '@vue/compiler-sfc@3.5.18':
    resolution: {integrity: sha512-5aBjvGqsWs+MoxswZPoTB9nSDb3dhd1x30xrrltKujlCxo48j8HGDNj3QPhF4VIS0VQDUrA1xUfp2hEa+FNyXA==}

  '@vue/compiler-ssr@3.5.18':
    resolution: {integrity: sha512-xM16Ak7rSWHkM3m22NlmcdIM+K4BMyFARAfV9hYFl+SFuRzrZ3uGMNW05kA5pmeMa0X9X963Kgou7ufdbpOP9g==}

  '@vue/compiler-vue2@2.7.16':
    resolution: {integrity: sha512-qYC3Psj9S/mfu9uVi5WvNZIzq+xnXMhOwbTFKKDD7b1lhpnn71jXSFdTQ+WsIEk0ONCd7VV2IMm7ONl6tbQ86A==}

  '@vue/devtools-api@6.6.4':
    resolution: {integrity: sha512-sGhTPMuXqZ1rVOk32RylztWkfXTRhuS7vgAKv0zjqk8gbsHkJ7xfFf+jbySxt7tWObEJwyKaHMikV/WGDiQm8g==}

  '@vue/language-core@3.0.4':
    resolution: {integrity: sha512-BvueED4LfBCSNH66eeUQk37MQCb7hjdezzGgxniM0LbriW53AJIyLorgshAtStmjfsAuOCcTl/c1b+nz/ye8xQ==}
    peerDependencies:
      typescript: '*'
    peerDependenciesMeta:
      typescript:
        optional: true

  '@vue/reactivity@3.5.18':
    resolution: {integrity: sha512-x0vPO5Imw+3sChLM5Y+B6G1zPjwdOri9e8V21NnTnlEvkxatHEH5B5KEAJcjuzQ7BsjGrKtfzuQ5eQwXh8HXBg==}

  '@vue/runtime-core@3.5.18':
    resolution: {integrity: sha512-DUpHa1HpeOQEt6+3nheUfqVXRog2kivkXHUhoqJiKR33SO4x+a5uNOMkV487WPerQkL0vUuRvq/7JhRgLW3S+w==}

  '@vue/runtime-dom@3.5.18':
    resolution: {integrity: sha512-YwDj71iV05j4RnzZnZtGaXwPoUWeRsqinblgVJwR8XTXYZ9D5PbahHQgsbmzUvCWNF6x7siQ89HgnX5eWkr3mw==}

  '@vue/server-renderer@3.5.18':
    resolution: {integrity: sha512-PvIHLUoWgSbDG7zLHqSqaCoZvHi6NNmfVFOqO+OnwvqMz/tqQr3FuGWS8ufluNddk7ZLBJYMrjcw1c6XzR12mA==}
    peerDependencies:
      vue: 3.5.18

  '@vue/shared@3.5.13':
    resolution: {integrity: sha512-/hnE/qP5ZoGpol0a5mDi45bOd7t3tjYJBjsgCsivow7D48cJeV5l05RD82lPqi7gRiphZM37rnhW1l6ZoCNNnQ==}

  '@vue/shared@3.5.18':
    resolution: {integrity: sha512-cZy8Dq+uuIXbxCZpuLd2GJdeSO/lIzIspC2WtkqIpje5QyFbvLaI5wZtdUjLHjGZrlVX6GilejatWwVYYRc8tA==}

  alien-signals@2.0.5:
    resolution: {integrity: sha512-PdJB6+06nUNAClInE3Dweq7/2xVAYM64vvvS1IHVHSJmgeOtEdrAGyp7Z2oJtYm0B342/Exd2NT0uMJaThcjLQ==}

  braces@3.0.3:
    resolution: {integrity: sha512-yQbXgO/OSZVD2IsiLlro+7Hf6Q18EJrKSEsdoMzKePKXct3gvD8oLcOQdIzGupr5Fj+EDe8gO/lxc1BzfMpxvA==}
    engines: {node: '>=8'}

  chokidar@4.0.3:
    resolution: {integrity: sha512-Qgzu8kfBvo+cA4962jnP1KkS6Dop5NS6g7R5LFYJr4b8Ub94PPQXUksCw9PvXoeXPRRddRNC5C1JQUR2SMGtnA==}
    engines: {node: '>= 14.16.0'}

  csstype@3.1.3:
    resolution: {integrity: sha512-M1uQkMl8rQK/szD0LNhtqxIPLpimGm8sOBwU7lLnCpSbTyY3yeU1Vc7l4KT5zT4s/yOxHH5O7tIuuLOCnLADRw==}

  date-fns-tz@2.0.1:
    resolution: {integrity: sha512-fJCG3Pwx8HUoLhkepdsP7Z5RsucUi+ZBOxyM5d0ZZ6c4SdYustq0VMmOu6Wf7bli+yS/Jwp91TOCqn9jMcVrUA==}
    peerDependencies:
      date-fns: 2.x

  date-fns@2.30.0:
    resolution: {integrity: sha512-fnULvOpxnC5/Vg3NCiWelDsLiUc9bRwAPs/+LfTLNvetFCtCTN+yQz15C/fs4AwX1R9K5GLtLfn8QW+dWisaAw==}
    engines: {node: '>=0.11'}

  de-indent@1.0.2:
    resolution: {integrity: sha512-e/1zu3xH5MQryN2zdVaF0OrdNLUbvWxzMbi+iNA6Bky7l1RoP8a2fIbRocyHclXt/arDrrR6lL3TqFD9pMQTsg==}

  detect-libc@1.0.3:
    resolution: {integrity: sha512-pGjwhsmsp4kL2RTz08wcOlGN83otlqHeD/Z5T8GXZB+/YcpQ/dgo+lbU8ZsGxV0HIvqqxo9l7mqYwyYMD9bKDg==}
    engines: {node: '>=0.10'}
    hasBin: true

  entities@4.5.0:
    resolution: {integrity: sha512-V0hjH4dGPh9Ao5p0MoRY6BVqtwCjhz6vI5LT8AJ55H+4g9/4vbHx1I54fS0XuclLhDHArPQCiMjDxjaL8fPxhw==}
    engines: {node: '>=0.12'}

  esbuild@0.25.0:
    resolution: {integrity: sha512-BXq5mqc8ltbaN34cDqWuYKyNhX8D/Z0J1xdtdQ8UcIIIyJyz+ZMKUt58tF3SrZ85jcfN/PZYhjR5uDQAYNVbuw==}
    engines: {node: '>=18'}
    hasBin: true

  estree-walker@2.0.2:
    resolution: {integrity: sha512-Rfkk/Mp/DL7JVje3u18FxFujQlTNR2q6QfMSMB7AvCBx91NGj/ba3kCfza0f6dVDbw7YlRf/nDrn7pQrCCyQ/w==}

  fdir@6.4.6:
    resolution: {integrity: sha512-hiFoqpyZcfNm1yc4u8oWCf9A2c4D3QjCrks3zmoVKVxpQRzmPNar1hUJcBG2RQHvEVGDN+Jm81ZheVLAQMK6+w==}
    peerDependencies:
      picomatch: ^3 || ^4
    peerDependenciesMeta:
      picomatch:
        optional: true

  fill-range@7.1.1:
    resolution: {integrity: sha512-YsGpe3WHLK8ZYi4tWDg2Jy3ebRz2rXowDxnld4bkQB00cc/1Zw9AWnC0i9ztDJitivtQvaI9KaLyKrc+hBW0yg==}
    engines: {node: '>=8'}

  focus-trap-vue@4.0.3:
    resolution: {integrity: sha512-cIX5rybkCAlNZ4IHYJ3nCFIsipDDljJHHjtTO2IgYWkVYg7X9ipUVdab3HzYp88kmHgMwjcB71LYnXRRsF6ZqQ==}
    peerDependencies:
      focus-trap: ^7.0.0
      vue: ^3.0.0

  focus-trap@7.6.5:
    resolution: {integrity: sha512-7Ke1jyybbbPZyZXFxEftUtxFGLMpE2n6A+z//m4CRDlj0hW+o3iYSmh8nFlYMurOiJVDmJRilUQtJr08KfIxlg==}

  fsevents@2.3.3:
    resolution: {integrity: sha512-5xoDfX+fL7faATnagmWPpbFtwh/R77WmMMqqHGS65C3vvB0YHrgF+B1YmZ3441tMj5n63k0212XNoJwzlhffQw==}
    engines: {node: ^8.16.0 || ^10.6.0 || >=11.0.0}
    os: [darwin]

  he@1.2.0:
    resolution: {integrity: sha512-F/1DnUGPopORZi0ni+CvrCgHQ5FyEAHRLSApuYWMmrbSwoN2Mn/7k+Gl38gJnR7yyDZk6WLXwiGod1JOWNDKGw==}
    hasBin: true

  immutable@5.0.3:
    resolution: {integrity: sha512-P8IdPQHq3lA1xVeBRi5VPqUm5HDgKnx0Ru51wZz5mjxHr5n3RWhjIpOFU7ybkUxfB+5IToy+OLaHYDBIWsv+uw==}

  is-extglob@2.1.1:
    resolution: {integrity: sha512-SbKbANkN603Vi4jEZv49LeVJMn4yGwsbzZworEoyEiutsN3nJYdbO36zfhGJ6QEDpOZIFkDtnq5JRxmvl3jsoQ==}
    engines: {node: '>=0.10.0'}

  is-glob@4.0.3:
    resolution: {integrity: sha512-xelSayHH36ZgE7ZWhli7pW34hNbNl8Ojv5KVmkJD4hBdD3th8Tfk9vYasLM+mXWOZhFkgZfxhLSnrwRr4elSSg==}
    engines: {node: '>=0.10.0'}

  is-number@7.0.0:
    resolution: {integrity: sha512-41Cifkg6e8TylSpdtTpeLVMqvSBEVzTttHvERD741+pnZ8ANv0004MRL43QKPDlK9cGvNp6NZWZUBlbGXYxxng==}
    engines: {node: '>=0.12.0'}

  lodash-es@4.17.21:
    resolution: {integrity: sha512-mKnC+QJ9pWVzv+C4/U3rRsHapFfHvQFoFB92e52xeyGMcX6/OlIl78je1u8vePzYZSkkogMPJ2yjxxsb89cxyw==}

  lodash@4.17.21:
    resolution: {integrity: sha512-v2kDEe57lecTulaDIuNTPy3Ry4gLGJ6Z1O3vE1krgXZNrsQ+LFTGHVxVjcXPs17LhbZVGedAJv8XZ1tvj5FvSg==}

  magic-string@0.30.17:
    resolution: {integrity: sha512-sNPKHvyjVf7gyjwS4xGTaW/mCnF8wnjtifKBEhxfZ7E/S8tQ0rssrwGNn6q8JH/ohItJfSQp9mBtQYuTlH5QnA==}

  micromatch@4.0.8:
    resolution: {integrity: sha512-PXwfBhYu0hBCPw8Dn0E+WDYb7af3dSLVWKi3HGv84IdF4TyFoC0ysxFd0Goxw7nSv4T/PzEJQxsYsEiFCKo2BA==}
    engines: {node: '>=8.6'}

  muggle-string@0.4.1:
    resolution: {integrity: sha512-VNTrAak/KhO2i8dqqnqnAHOa3cYBwXEZe9h+D5h/1ZqFSTEFHdM65lR7RoIqq3tBBYavsOXV84NoHXZ0AkPyqQ==}

  nanoid@3.3.11:
    resolution: {integrity: sha512-N8SpfPUnUp1bK+PMYW8qSWdl9U+wwNWI4QKxOYDy9JAro3WMX7p2OeVRF9v+347pnakNevPmiHhNmZ2HbFA76w==}
    engines: {node: ^10 || ^12 || ^13.7 || ^14 || >=15.0.1}
    hasBin: true

  nanoid@5.1.2:
    resolution: {integrity: sha512-b+CiXQCNMUGe0Ri64S9SXFcP9hogjAJ2Rd6GdVxhPLRm7mhGaM7VgOvCAJ1ZshfHbqVDI3uqTI5C8/GaKuLI7g==}
    engines: {node: ^18 || >=20}
    hasBin: true

  node-addon-api@7.1.1:
    resolution: {integrity: sha512-5m3bsyrjFWE1xf7nz7YXdN4udnVtXK6/Yfgn5qnahL6bCkf2yKt4k3nuTKAtT4r3IG8JNR2ncsIMdZuAzJjHQQ==}

  path-browserify@1.0.1:
    resolution: {integrity: sha512-b7uo2UCUOYZcnF/3ID0lulOJi/bafxa1xPe7ZPsammBSpjSWQkjNxlt635YGS2MiR9GjvuXCtz2emr3jbsz98g==}

  picocolors@1.1.1:
    resolution: {integrity: sha512-xceH2snhtb5M9liqDsmEw56le376mTZkEX/jEb/RxNFyegNul7eNslCXP9FDj/Lcu0X8KEyMceP2ntpaHrDEVA==}

  picomatch@2.3.1:
    resolution: {integrity: sha512-JU3teHTNjmE2VCGFzuY8EXzCDVwEqB2a8fsIvwaStHhAWJEeVd1o1QD80CU6+ZdEXXSLbSsuLwJjkCBWqRQUVA==}
    engines: {node: '>=8.6'}

  picomatch@4.0.3:
    resolution: {integrity: sha512-5gTmgEY/sqK6gFXLIsQNH19lWb4ebPDLA4SdLP7dsWkIXHWlG66oPuVvXSGFPppYZz8ZDZq0dYYrbHfBCVUb1Q==}
    engines: {node: '>=12'}

  postcss@8.5.6:
    resolution: {integrity: sha512-3Ybi1tAuwAP9s0r1UQ2J4n5Y0G05bJkpUIO0/bI9MhwmD70S5aTWbXGBwxHrelT+XM1k6dM0pk+SwNkpTRN7Pg==}
    engines: {node: ^10 || ^12 || >=14}

  readdirp@4.1.2:
    resolution: {integrity: sha512-GDhwkLfywWL2s6vEjyhri+eXmfH6j1L7JE27WhqLeYzoh/A3DBaYGEj2H/HFZCn/kMfim73FXxEJTw06WtxQwg==}
    engines: {node: '>= 14.18.0'}

  regenerator-runtime@0.14.1:
    resolution: {integrity: sha512-dYnhHh0nJoMfnkZs6GmmhFknAGRrLznOu5nc9ML+EJxGvrx6H7teuevqVqCuPcPK//3eDrrjQhehXVx9cnkGdw==}

  rollup@4.45.1:
    resolution: {integrity: sha512-4iya7Jb76fVpQyLoiVpzUrsjQ12r3dM7fIVz+4NwoYvZOShknRmiv+iu9CClZml5ZLGb0XMcYLutK6w9tgxHDw==}
    engines: {node: '>=18.0.0', npm: '>=8.0.0'}
    hasBin: true

  sass@1.85.1:
    resolution: {integrity: sha512-Uk8WpxM5v+0cMR0XjX9KfRIacmSG86RH4DCCZjLU2rFh5tyutt9siAXJ7G+YfxQ99Q6wrRMbMlVl6KqUms71ag==}
    engines: {node: '>=14.0.0'}
    hasBin: true

  sortablejs@1.15.6:
    resolution: {integrity: sha512-aNfiuwMEpfBM/CN6LY0ibyhxPfPbyFeBTYJKCvzkJ2GkUpazIt3H+QIPAMHwqQ7tMKaHz1Qj+rJJCqljnf4p3A==}

  source-map-js@1.2.1:
    resolution: {integrity: sha512-UXWMKhLOwVKb728IUtQPXxfYU+usdybtUrK/8uGE8CQMvrhOpwvzDBwj0QhSL7MQc7vIsISBG8VQ8+IDQxpfQA==}
    engines: {node: '>=0.10.0'}

  swrv@1.1.0:
    resolution: {integrity: sha512-pjllRDr2s0iTwiE5Isvip51dZGR7GjLH1gCSVyE8bQnbAx6xackXsFdojau+1O5u98yHF5V73HQGOFxKUXO9gQ==}
    peerDependencies:
      vue: '>=3.2.26 < 4'

  tabbable@6.2.0:
    resolution: {integrity: sha512-Cat63mxsVJlzYvN51JmVXIgNoUokrIaT2zLclCXjRd8boZ0004U4KCs/sToJ75C6sdlByWxpYnb5Boif1VSFew==}

  tinyglobby@0.2.14:
    resolution: {integrity: sha512-tX5e7OM1HnYr2+a2C/4V0htOcSQcoSTH9KgJnVvNm5zm/cyEWKJ7j7YutsH9CxMdtOkkLFy2AHrMci9IM8IPZQ==}
    engines: {node: '>=12.0.0'}

  to-regex-range@5.0.1:
    resolution: {integrity: sha512-65P7iz6X5yEr1cwcgvQxbbIw7Uk3gOy5dIdtZ4rDveLqhrdJP+Li/Hx6tyK0NEb+2GCyneCMJiGqrADCSNk8sQ==}
    engines: {node: '>=8.0'}

  typescript@5.8.3:
    resolution: {integrity: sha512-p1diW6TqL9L07nNxvRMM7hMMw4c5XOo/1ibL4aAIGmSAt9slTE1Xgw5KWuof2uTOvCg9BY7ZRi+GaF+7sfgPeQ==}
    engines: {node: '>=14.17'}
    hasBin: true

  undici-types@6.20.0:
    resolution: {integrity: sha512-Ny6QZ2Nju20vw1SRHe3d9jVu6gJ+4e3+MMpqu7pqE5HT6WsTSlce++GQmK5UXS8mzV8DSYHrQH+Xrf2jVcuKNg==}

  v-calendar@3.1.2:
    resolution: {integrity: sha512-QDWrnp4PWCpzUblctgo4T558PrHgHzDtQnTeUNzKxfNf29FkCeFpwGd9bKjAqktaa2aJLcyRl45T5ln1ku34kg==}
    peerDependencies:
      '@popperjs/core': ^2.0.0
      vue: ^3.2.0

  virtua@0.41.5:
    resolution: {integrity: sha512-x1vsA9qIQNBFcCs1rzCjyYdMvDu/kT6o6zwwQnyqFOFdOyIzqyzU3WfR/hJC8WxUZXSCo2LkuoqapL8VDDMQPg==}
    peerDependencies:
      react: '>=16.14.0'
      react-dom: '>=16.14.0'
      solid-js: '>=1.0'
      svelte: '>=5.0'
      vue: '>=3.2'
    peerDependenciesMeta:
      react:
        optional: true
      react-dom:
        optional: true
      solid-js:
        optional: true
      svelte:
        optional: true
      vue:
        optional: true

  vite@7.0.6:
    resolution: {integrity: sha512-MHFiOENNBd+Bd9uvc8GEsIzdkn1JxMmEeYX35tI3fv0sJBUTfW5tQsoaOwuY4KhBI09A3dUJ/DXf2yxPVPUceg==}
    engines: {node: ^20.19.0 || >=22.12.0}
    hasBin: true
    peerDependencies:
      '@types/node': ^20.19.0 || >=22.12.0
      jiti: '>=1.21.0'
      less: ^4.0.0
      lightningcss: ^1.21.0
      sass: ^1.70.0
      sass-embedded: ^1.70.0
      stylus: '>=0.54.8'
      sugarss: ^5.0.0
      terser: ^5.16.0
      tsx: ^4.8.1
      yaml: ^2.4.2
    peerDependenciesMeta:
      '@types/node':
        optional: true
      jiti:
        optional: true
      less:
        optional: true
      lightningcss:
        optional: true
      sass:
        optional: true
      sass-embedded:
        optional: true
      stylus:
        optional: true
      sugarss:
        optional: true
      terser:
        optional: true
      tsx:
        optional: true
      yaml:
        optional: true

  vscode-uri@3.1.0:
    resolution: {integrity: sha512-/BpdSx+yCQGnCvecbyXdxHDkuk55/G3xwnC0GqY4gmQ3j+A+g8kzzgB4Nk/SINjqn6+waqw3EgbVF2QKExkRxQ==}

  vue-demi@0.14.10:
    resolution: {integrity: sha512-nMZBOwuzabUO0nLgIcc6rycZEebF6eeUfaiQx9+WSk8e29IbLvPU9feI6tqW4kTo3hvoYAJkMh8n8D0fuISphg==}
    engines: {node: '>=12'}
    hasBin: true
    peerDependencies:
      '@vue/composition-api': ^1.0.0-rc.1
      vue: ^3.0.0-0 || ^2.6.0
    peerDependenciesMeta:
      '@vue/composition-api':
        optional: true

  vue-draggable-next@2.2.1:
    resolution: {integrity: sha512-EAMS1IRHF0kZO0o5PMOinsQsXIqsrKT1hKmbICxG3UEtn7zLFkLxlAtajcCcUTisNvQ6TtCB5COjD9a1raNADw==}
    peerDependencies:
      sortablejs: ^1.14.0
      vue: ^3.2.2

  vue-router@4.5.0:
    resolution: {integrity: sha512-HDuk+PuH5monfNuY+ct49mNmkCRK4xJAV9Ts4z9UFc4rzdDnxQLyCMGGc8pKhZhHTVzfanpNwB/lwqevcBwI4w==}
    peerDependencies:
      vue: ^3.2.0

  vue-screen-utils@1.0.0-beta.13:
    resolution: {integrity: sha512-EJ/8TANKhFj+LefDuOvZykwMr3rrLFPLNb++lNBqPOpVigT2ActRg6icH9RFQVm4nHwlHIHSGm5OY/Clar9yIg==}
    peerDependencies:
      vue: ^3.2.0

  vue-tsc@3.0.4:
    resolution: {integrity: sha512-kZmSEjGtROApVBuaIcoprrXZsFNGon5ggkTJokmhQ/H1hMzCFRPQ0Ed8IHYFsmYJYvHBcdmEQVGVcRuxzPzNbw==}
    hasBin: true
    peerDependencies:
      typescript: '>=5.0.0'

  vue@3.5.18:
    resolution: {integrity: sha512-7W4Y4ZbMiQ3SEo+m9lnoNpV9xG7QVMLa+/0RFwwiAVkeYoyGXqWE85jabU4pllJNUzqfLShJ5YLptewhCWUgNA==}
    peerDependencies:
      typescript: '*'
    peerDependenciesMeta:
      typescript:
        optional: true

snapshots:

  '@babel/helper-string-parser@7.25.9': {}

  '@babel/helper-string-parser@7.27.1': {}

  '@babel/helper-validator-identifier@7.25.9': {}

  '@babel/helper-validator-identifier@7.27.1': {}

  '@babel/parser@7.26.9':
    dependencies:
      '@babel/types': 7.26.9

  '@babel/parser@7.28.0':
    dependencies:
      '@babel/types': 7.28.2

  '@babel/runtime@7.26.9':
    dependencies:
      regenerator-runtime: 0.14.1

  '@babel/types@7.26.9':
    dependencies:
      '@babel/helper-string-parser': 7.25.9
      '@babel/helper-validator-identifier': 7.25.9

  '@babel/types@7.28.2':
    dependencies:
      '@babel/helper-string-parser': 7.27.1
      '@babel/helper-validator-identifier': 7.27.1

  '@esbuild/aix-ppc64@0.25.0':
    optional: true

  '@esbuild/android-arm64@0.25.0':
    optional: true

  '@esbuild/android-arm@0.25.0':
    optional: true

  '@esbuild/android-x64@0.25.0':
    optional: true

  '@esbuild/darwin-arm64@0.25.0':
    optional: true

  '@esbuild/darwin-x64@0.25.0':
    optional: true

  '@esbuild/freebsd-arm64@0.25.0':
    optional: true

  '@esbuild/freebsd-x64@0.25.0':
    optional: true

  '@esbuild/linux-arm64@0.25.0':
    optional: true

  '@esbuild/linux-arm@0.25.0':
    optional: true

  '@esbuild/linux-ia32@0.25.0':
    optional: true

  '@esbuild/linux-loong64@0.25.0':
    optional: true

  '@esbuild/linux-mips64el@0.25.0':
    optional: true

  '@esbuild/linux-ppc64@0.25.0':
    optional: true

  '@esbuild/linux-riscv64@0.25.0':
    optional: true

  '@esbuild/linux-s390x@0.25.0':
    optional: true

  '@esbuild/linux-x64@0.25.0':
    optional: true

  '@esbuild/netbsd-arm64@0.25.0':
    optional: true

  '@esbuild/netbsd-x64@0.25.0':
    optional: true

  '@esbuild/openbsd-arm64@0.25.0':
    optional: true

  '@esbuild/openbsd-x64@0.25.0':
    optional: true

  '@esbuild/sunos-x64@0.25.0':
    optional: true

  '@esbuild/win32-arm64@0.25.0':
    optional: true

  '@esbuild/win32-ia32@0.25.0':
    optional: true

  '@esbuild/win32-x64@0.25.0':
    optional: true

  '@floating-ui/core@1.7.2':
    dependencies:
      '@floating-ui/utils': 0.2.10

  '@floating-ui/dom@1.7.2':
    dependencies:
      '@floating-ui/core': 1.7.2
      '@floating-ui/utils': 0.2.10

  '@floating-ui/utils@0.2.10': {}

  '@floating-ui/vue@1.1.7(vue@3.5.18(typescript@5.8.3))':
    dependencies:
      '@floating-ui/dom': 1.7.2
      '@floating-ui/utils': 0.2.10
      vue-demi: 0.14.10(vue@3.5.18(typescript@5.8.3))
    transitivePeerDependencies:
      - '@vue/composition-api'
      - vue

  '@jridgewell/sourcemap-codec@1.5.0': {}

  '@kong/design-tokens@1.17.3': {}

  '@kong/icons@1.33.2(vue@3.5.18(typescript@5.8.3))':
    dependencies:
      vue: 3.5.18(typescript@5.8.3)

  '@kong/kongponents@9.36.6(vue-router@4.5.0(vue@3.5.18(typescript@5.8.3)))(vue@3.5.18(typescript@5.8.3))':
    dependencies:
      '@floating-ui/vue': 1.1.7(vue@3.5.18(typescript@5.8.3))
      '@kong/icons': 1.33.2(vue@3.5.18(typescript@5.8.3))
      '@popperjs/core': 2.11.8
      date-fns: 2.30.0
      date-fns-tz: 2.0.1(date-fns@2.30.0)
      focus-trap: 7.6.5
      focus-trap-vue: 4.0.3(focus-trap@7.6.5)(vue@3.5.18(typescript@5.8.3))
      lodash-es: 4.17.21
      nanoid: 5.1.2
      sortablejs: 1.15.6
      swrv: 1.1.0(vue@3.5.18(typescript@5.8.3))
      v-calendar: 3.1.2(@popperjs/core@2.11.8)(vue@3.5.18(typescript@5.8.3))
      virtua: 0.41.5(vue@3.5.18(typescript@5.8.3))
      vue: 3.5.18(typescript@5.8.3)
      vue-draggable-next: 2.2.1(sortablejs@1.15.6)(vue@3.5.18(typescript@5.8.3))
      vue-router: 4.5.0(vue@3.5.18(typescript@5.8.3))
    transitivePeerDependencies:
      - '@vue/composition-api'
      - react
      - react-dom
      - solid-js
      - svelte

  '@parcel/watcher-android-arm64@2.5.1':
    optional: true

  '@parcel/watcher-darwin-arm64@2.5.1':
    optional: true

  '@parcel/watcher-darwin-x64@2.5.1':
    optional: true

  '@parcel/watcher-freebsd-x64@2.5.1':
    optional: true

  '@parcel/watcher-linux-arm-glibc@2.5.1':
    optional: true

  '@parcel/watcher-linux-arm-musl@2.5.1':
    optional: true

  '@parcel/watcher-linux-arm64-glibc@2.5.1':
    optional: true

  '@parcel/watcher-linux-arm64-musl@2.5.1':
    optional: true

  '@parcel/watcher-linux-x64-glibc@2.5.1':
    optional: true

  '@parcel/watcher-linux-x64-musl@2.5.1':
    optional: true

  '@parcel/watcher-win32-arm64@2.5.1':
    optional: true

  '@parcel/watcher-win32-ia32@2.5.1':
    optional: true

  '@parcel/watcher-win32-x64@2.5.1':
    optional: true

  '@parcel/watcher@2.5.1':
    dependencies:
      detect-libc: 1.0.3
      is-glob: 4.0.3
      micromatch: 4.0.8
      node-addon-api: 7.1.1
    optionalDependencies:
      '@parcel/watcher-android-arm64': 2.5.1
      '@parcel/watcher-darwin-arm64': 2.5.1
      '@parcel/watcher-darwin-x64': 2.5.1
      '@parcel/watcher-freebsd-x64': 2.5.1
      '@parcel/watcher-linux-arm-glibc': 2.5.1
      '@parcel/watcher-linux-arm-musl': 2.5.1
      '@parcel/watcher-linux-arm64-glibc': 2.5.1
      '@parcel/watcher-linux-arm64-musl': 2.5.1
      '@parcel/watcher-linux-x64-glibc': 2.5.1
      '@parcel/watcher-linux-x64-musl': 2.5.1
      '@parcel/watcher-win32-arm64': 2.5.1
      '@parcel/watcher-win32-ia32': 2.5.1
      '@parcel/watcher-win32-x64': 2.5.1
    optional: true

  '@popperjs/core@2.11.8': {}

  '@rolldown/pluginutils@1.0.0-beta.19': {}

  '@rollup/rollup-android-arm-eabi@4.45.1':
    optional: true

  '@rollup/rollup-android-arm64@4.45.1':
    optional: true

  '@rollup/rollup-darwin-arm64@4.45.1':
    optional: true

  '@rollup/rollup-darwin-x64@4.45.1':
    optional: true

  '@rollup/rollup-freebsd-arm64@4.45.1':
    optional: true

  '@rollup/rollup-freebsd-x64@4.45.1':
    optional: true

  '@rollup/rollup-linux-arm-gnueabihf@4.45.1':
    optional: true

  '@rollup/rollup-linux-arm-musleabihf@4.45.1':
    optional: true

  '@rollup/rollup-linux-arm64-gnu@4.45.1':
    optional: true

  '@rollup/rollup-linux-arm64-musl@4.45.1':
    optional: true

  '@rollup/rollup-linux-loongarch64-gnu@4.45.1':
    optional: true

  '@rollup/rollup-linux-powerpc64le-gnu@4.45.1':
    optional: true

  '@rollup/rollup-linux-riscv64-gnu@4.45.1':
    optional: true

  '@rollup/rollup-linux-riscv64-musl@4.45.1':
    optional: true

  '@rollup/rollup-linux-s390x-gnu@4.45.1':
    optional: true

  '@rollup/rollup-linux-x64-gnu@4.45.1':
    optional: true

  '@rollup/rollup-linux-x64-musl@4.45.1':
    optional: true

  '@rollup/rollup-win32-arm64-msvc@4.45.1':
    optional: true

  '@rollup/rollup-win32-ia32-msvc@4.45.1':
    optional: true

  '@rollup/rollup-win32-x64-msvc@4.45.1':
    optional: true

  '@types/estree@1.0.8': {}

  '@types/lodash@4.17.16': {}

  '@types/node@22.13.9':
    dependencies:
      undici-types: 6.20.0
    optional: true

  '@types/resize-observer-browser@0.1.11': {}

  '@vitejs/plugin-vue@6.0.0(vite@7.0.6(@types/node@22.13.9)(sass@1.85.1))(vue@3.5.18(typescript@5.8.3))':
    dependencies:
      '@rolldown/pluginutils': 1.0.0-beta.19
      vite: 7.0.6(@types/node@22.13.9)(sass@1.85.1)
      vue: 3.5.18(typescript@5.8.3)

  '@volar/language-core@2.4.20':
    dependencies:
      '@volar/source-map': 2.4.20

  '@volar/source-map@2.4.20': {}

  '@volar/typescript@2.4.20':
    dependencies:
      '@volar/language-core': 2.4.20
      path-browserify: 1.0.1
      vscode-uri: 3.1.0

  '@vue/compiler-core@3.5.13':
    dependencies:
      '@babel/parser': 7.26.9
      '@vue/shared': 3.5.13
      entities: 4.5.0
      estree-walker: 2.0.2
      source-map-js: 1.2.1

  '@vue/compiler-core@3.5.18':
    dependencies:
      '@babel/parser': 7.28.0
      '@vue/shared': 3.5.18
      entities: 4.5.0
      estree-walker: 2.0.2
      source-map-js: 1.2.1

  '@vue/compiler-dom@3.5.13':
    dependencies:
      '@vue/compiler-core': 3.5.13
      '@vue/shared': 3.5.13

  '@vue/compiler-dom@3.5.18':
    dependencies:
      '@vue/compiler-core': 3.5.18
      '@vue/shared': 3.5.18

  '@vue/compiler-sfc@3.5.18':
    dependencies:
      '@babel/parser': 7.28.0
      '@vue/compiler-core': 3.5.18
      '@vue/compiler-dom': 3.5.18
      '@vue/compiler-ssr': 3.5.18
      '@vue/shared': 3.5.18
      estree-walker: 2.0.2
      magic-string: 0.30.17
      postcss: 8.5.6
      source-map-js: 1.2.1

  '@vue/compiler-ssr@3.5.18':
    dependencies:
      '@vue/compiler-dom': 3.5.18
      '@vue/shared': 3.5.18

  '@vue/compiler-vue2@2.7.16':
    dependencies:
      de-indent: 1.0.2
      he: 1.2.0

  '@vue/devtools-api@6.6.4': {}

  '@vue/language-core@3.0.4(typescript@5.8.3)':
    dependencies:
      '@volar/language-core': 2.4.20
      '@vue/compiler-dom': 3.5.13
      '@vue/compiler-vue2': 2.7.16
      '@vue/shared': 3.5.13
      alien-signals: 2.0.5
      muggle-string: 0.4.1
      path-browserify: 1.0.1
      picomatch: 4.0.3
    optionalDependencies:
      typescript: 5.8.3

  '@vue/reactivity@3.5.18':
    dependencies:
      '@vue/shared': 3.5.18

  '@vue/runtime-core@3.5.18':
    dependencies:
      '@vue/reactivity': 3.5.18
      '@vue/shared': 3.5.18

  '@vue/runtime-dom@3.5.18':
    dependencies:
      '@vue/reactivity': 3.5.18
      '@vue/runtime-core': 3.5.18
      '@vue/shared': 3.5.18
      csstype: 3.1.3

  '@vue/server-renderer@3.5.18(vue@3.5.18(typescript@5.8.3))':
    dependencies:
      '@vue/compiler-ssr': 3.5.18
      '@vue/shared': 3.5.18
      vue: 3.5.18(typescript@5.8.3)

  '@vue/shared@3.5.13': {}

  '@vue/shared@3.5.18': {}

  alien-signals@2.0.5: {}

  braces@3.0.3:
    dependencies:
      fill-range: 7.1.1
    optional: true

  chokidar@4.0.3:
    dependencies:
      readdirp: 4.1.2

  csstype@3.1.3: {}

  date-fns-tz@2.0.1(date-fns@2.30.0):
    dependencies:
      date-fns: 2.30.0

  date-fns@2.30.0:
    dependencies:
      '@babel/runtime': 7.26.9

  de-indent@1.0.2: {}

  detect-libc@1.0.3:
    optional: true

  entities@4.5.0: {}

  esbuild@0.25.0:
    optionalDependencies:
      '@esbuild/aix-ppc64': 0.25.0
      '@esbuild/android-arm': 0.25.0
      '@esbuild/android-arm64': 0.25.0
      '@esbuild/android-x64': 0.25.0
      '@esbuild/darwin-arm64': 0.25.0
      '@esbuild/darwin-x64': 0.25.0
      '@esbuild/freebsd-arm64': 0.25.0
      '@esbuild/freebsd-x64': 0.25.0
      '@esbuild/linux-arm': 0.25.0
      '@esbuild/linux-arm64': 0.25.0
      '@esbuild/linux-ia32': 0.25.0
      '@esbuild/linux-loong64': 0.25.0
      '@esbuild/linux-mips64el': 0.25.0
      '@esbuild/linux-ppc64': 0.25.0
      '@esbuild/linux-riscv64': 0.25.0
      '@esbuild/linux-s390x': 0.25.0
      '@esbuild/linux-x64': 0.25.0
      '@esbuild/netbsd-arm64': 0.25.0
      '@esbuild/netbsd-x64': 0.25.0
      '@esbuild/openbsd-arm64': 0.25.0
      '@esbuild/openbsd-x64': 0.25.0
      '@esbuild/sunos-x64': 0.25.0
      '@esbuild/win32-arm64': 0.25.0
      '@esbuild/win32-ia32': 0.25.0
      '@esbuild/win32-x64': 0.25.0

  estree-walker@2.0.2: {}

  fdir@6.4.6(picomatch@4.0.3):
    optionalDependencies:
      picomatch: 4.0.3

  fill-range@7.1.1:
    dependencies:
      to-regex-range: 5.0.1
    optional: true

  focus-trap-vue@4.0.3(focus-trap@7.6.5)(vue@3.5.18(typescript@5.8.3)):
    dependencies:
      focus-trap: 7.6.5
      vue: 3.5.18(typescript@5.8.3)

  focus-trap@7.6.5:
    dependencies:
      tabbable: 6.2.0

  fsevents@2.3.3:
    optional: true

  he@1.2.0: {}

  immutable@5.0.3: {}

  is-extglob@2.1.1:
    optional: true

  is-glob@4.0.3:
    dependencies:
      is-extglob: 2.1.1
    optional: true

  is-number@7.0.0:
    optional: true

  lodash-es@4.17.21: {}

  lodash@4.17.21: {}

  magic-string@0.30.17:
    dependencies:
      '@jridgewell/sourcemap-codec': 1.5.0

  micromatch@4.0.8:
    dependencies:
      braces: 3.0.3
      picomatch: 2.3.1
    optional: true

  muggle-string@0.4.1: {}

  nanoid@3.3.11: {}

  nanoid@5.1.2: {}

  node-addon-api@7.1.1:
    optional: true

  path-browserify@1.0.1: {}

  picocolors@1.1.1: {}

  picomatch@2.3.1:
    optional: true

  picomatch@4.0.3: {}

  postcss@8.5.6:
    dependencies:
      nanoid: 3.3.11
      picocolors: 1.1.1
      source-map-js: 1.2.1

  readdirp@4.1.2: {}

  regenerator-runtime@0.14.1: {}

  rollup@4.45.1:
    dependencies:
      '@types/estree': 1.0.8
    optionalDependencies:
      '@rollup/rollup-android-arm-eabi': 4.45.1
      '@rollup/rollup-android-arm64': 4.45.1
      '@rollup/rollup-darwin-arm64': 4.45.1
      '@rollup/rollup-darwin-x64': 4.45.1
      '@rollup/rollup-freebsd-arm64': 4.45.1
      '@rollup/rollup-freebsd-x64': 4.45.1
      '@rollup/rollup-linux-arm-gnueabihf': 4.45.1
      '@rollup/rollup-linux-arm-musleabihf': 4.45.1
      '@rollup/rollup-linux-arm64-gnu': 4.45.1
      '@rollup/rollup-linux-arm64-musl': 4.45.1
      '@rollup/rollup-linux-loongarch64-gnu': 4.45.1
      '@rollup/rollup-linux-powerpc64le-gnu': 4.45.1
      '@rollup/rollup-linux-riscv64-gnu': 4.45.1
      '@rollup/rollup-linux-riscv64-musl': 4.45.1
      '@rollup/rollup-linux-s390x-gnu': 4.45.1
      '@rollup/rollup-linux-x64-gnu': 4.45.1
      '@rollup/rollup-linux-x64-musl': 4.45.1
      '@rollup/rollup-win32-arm64-msvc': 4.45.1
      '@rollup/rollup-win32-ia32-msvc': 4.45.1
      '@rollup/rollup-win32-x64-msvc': 4.45.1
      fsevents: 2.3.3

  sass@1.85.1:
    dependencies:
      chokidar: 4.0.3
      immutable: 5.0.3
      source-map-js: 1.2.1
    optionalDependencies:
      '@parcel/watcher': 2.5.1

  sortablejs@1.15.6: {}

  source-map-js@1.2.1: {}

  swrv@1.1.0(vue@3.5.18(typescript@5.8.3)):
    dependencies:
      vue: 3.5.18(typescript@5.8.3)

  tabbable@6.2.0: {}

  tinyglobby@0.2.14:
    dependencies:
      fdir: 6.4.6(picomatch@4.0.3)
      picomatch: 4.0.3

  to-regex-range@5.0.1:
    dependencies:
      is-number: 7.0.0
    optional: true

  typescript@5.8.3: {}

  undici-types@6.20.0:
    optional: true

  v-calendar@3.1.2(@popperjs/core@2.11.8)(vue@3.5.18(typescript@5.8.3)):
    dependencies:
      '@popperjs/core': 2.11.8
      '@types/lodash': 4.17.16
      '@types/resize-observer-browser': 0.1.11
      date-fns: 2.30.0
      date-fns-tz: 2.0.1(date-fns@2.30.0)
      lodash: 4.17.21
      vue: 3.5.18(typescript@5.8.3)
      vue-screen-utils: 1.0.0-beta.13(vue@3.5.18(typescript@5.8.3))

  virtua@0.41.5(vue@3.5.18(typescript@5.8.3)):
    optionalDependencies:
      vue: 3.5.18(typescript@5.8.3)

  vite@7.0.6(@types/node@22.13.9)(sass@1.85.1):
    dependencies:
      esbuild: 0.25.0
      fdir: 6.4.6(picomatch@4.0.3)
      picomatch: 4.0.3
      postcss: 8.5.6
      rollup: 4.45.1
      tinyglobby: 0.2.14
    optionalDependencies:
      '@types/node': 22.13.9
      fsevents: 2.3.3
      sass: 1.85.1

  vscode-uri@3.1.0: {}

  vue-demi@0.14.10(vue@3.5.18(typescript@5.8.3)):
    dependencies:
      vue: 3.5.18(typescript@5.8.3)

  vue-draggable-next@2.2.1(sortablejs@1.15.6)(vue@3.5.18(typescript@5.8.3)):
    dependencies:
      sortablejs: 1.15.6
      vue: 3.5.18(typescript@5.8.3)

  vue-router@4.5.0(vue@3.5.18(typescript@5.8.3)):
    dependencies:
      '@vue/devtools-api': 6.6.4
      vue: 3.5.18(typescript@5.8.3)

  vue-screen-utils@1.0.0-beta.13(vue@3.5.18(typescript@5.8.3)):
    dependencies:
      vue: 3.5.18(typescript@5.8.3)

  vue-tsc@3.0.4(typescript@5.8.3):
    dependencies:
      '@volar/typescript': 2.4.20
      '@vue/language-core': 3.0.4(typescript@5.8.3)
      typescript: 5.8.3

  vue@3.5.18(typescript@5.8.3):
    dependencies:
      '@vue/compiler-dom': 3.5.18
      '@vue/compiler-sfc': 3.5.18
      '@vue/runtime-dom': 3.5.18
      '@vue/server-renderer': 3.5.18(vue@3.5.18(typescript@5.8.3))
      '@vue/shared': 3.5.18
    optionalDependencies:
      typescript: 5.8.3
